
Microsoft Visual Studio Solution File, Format Version 12.00
# Visual Studio 2013
VisualStudioVersion = 12.0.30501.0
MinimumVisualStudioVersion = 10.0.40219.1
Project("{FAE04EC0-301F-11D3-BF4B-00C04F79EFBC}") = "Mailbird.Apps.Calendar", "Mailbird.Apps.Calendar\Mailbird.Apps.Calendar.csproj", "{109347A8-4307-4D50-8B7E-EB7964A4B1BD}"
EndProject
Project("{FAE04EC0-301F-11D3-BF4B-00C04F79EFBC}") = "Mailbird.Apps.Calendar.Engine", "Mailbird.Apps.Calendar.Engine\Mailbird.Apps.Calendar.Engine.csproj", "{BADCD66D-AE07-4230-B639-0B0653A8913A}"
EndProject
Global
	GlobalSection(SolutionConfigurationPlatforms) = preSolution
		Debug|Any CPU = Debug|Any CPU
		Release|Any CPU = Release|Any CPU
	EndGlobalSection
	GlobalSection(ProjectConfigurationPlatforms) = postSolution
		{109347A8-4307-4D50-8B7E-EB7964A4B1BD}.Debug|Any CPU.ActiveCfg = Debug|Any CPU
		{109347A8-4307-4D50-8B7E-EB7964A4B1BD}.Debug|Any CPU.Build.0 = Debug|Any CPU
		{109347A8-4307-4D50-8B7E-EB7964A4B1BD}.Release|Any CPU.ActiveCfg = Release|Any CPU
		{109347A8-4307-4D50-8B7E-EB7964A4B1BD}.Release|Any CPU.Build.0 = Release|Any CPU
		{BADCD66D-AE07-4230-B639-0B0653A8913A}.Debug|Any CPU.ActiveCfg = Debug|Any CPU
		{BADCD66D-AE07-4230-B639-0B0653A8913A}.Debug|Any CPU.Build.0 = Debug|Any CPU
		{BADCD66D-AE07-4230-B639-0B0653A8913A}.Release|Any CPU.ActiveCfg = Release|Any CPU
		{BADCD66D-AE07-4230-B639-0B0653A8913A}.Release|Any CPU.Build.0 = Release|Any CPU
	EndGlobalSection
	GlobalSection(SolutionProperties) = preSolution
		HideSolutionNode = FALSE
	EndGlobalSection
EndGlobal
